<?xml version="1.0" encoding="utf-8"?>
<Project ToolsVersion="4.0" xmlns="http://schemas.microsoft.com/developer/msbuild/2003">
  <ItemGroup>
    <Filter Include="ソース ファイル">
      <UniqueIdentifier>{4FC737F1-C7A5-4376-A066-2A32D752A2FF}</UniqueIdentifier>
      <Extensions>cpp;c;cc;cxx;def;odl;idl;hpj;bat;asm;asmx</Extensions>
    </Filter>
    <Filter Include="ヘッダー ファイル">
      <UniqueIdentifier>{93995380-89BD-4b04-88EB-625FBE52EBFB}</UniqueIdentifier>
      <Extensions>h;hh;hpp;hxx;hm;inl;inc;ipp;xsd</Extensions>
    </Filter>
    <Filter Include="リソース ファイル">
      <UniqueIdentifier>{67DA6AB6-F800-4c08-8B7A-83BB121AAD01}</UniqueIdentifier>
      <Extensions>rc;ico;cur;bmp;dlg;rc2;rct;bin;rgs;gif;jpg;jpeg;jpe;resx;tiff;tif;png;wav;mfcribbon-ms</Extensions>
    </Filter>
    <Filter Include="ソース ファイル\Lib">
      <UniqueIdentifier>{693c044d-1ca8-42f5-af62-6c7aa4b7ddfa}</UniqueIdentifier>
    </Filter>
  </ItemGroup>
  <ItemGroup>
    <ClCompile Include="D:\2年後期\novelgame\Lib\Easy\BufferObject.cpp">
      <Filter>ソース ファイル\Lib</Filter>
    </ClCompile>
    <ClCompile Include="D:\2年後期\novelgame\Lib\Easy\Font.cpp">
      <Filter>ソース ファイル\Lib</Filter>
    </ClCompile>
    <ClCompile Include="D:\2年後期\novelgame\Lib\Easy\FrameAnimation.cpp">
      <Filter>ソース ファイル\Lib</Filter>
    </ClCompile>
    <ClCompile Include="D:\2年後期\novelgame\Lib\Easy\GLFWEW.cpp">
      <Filter>ソース ファイル\Lib</Filter>
    </ClCompile>
    <ClCompile Include="D:\2年後期\novelgame\Lib\Easy\Json.cpp">
      <Filter>ソース ファイル\Lib</Filter>
    </ClCompile>
    <ClCompile Include="D:\2年後期\novelgame\Lib\Easy\Node.cpp">
      <Filter>ソース ファイル\Lib</Filter>
    </ClCompile>
    <ClCompile Include="D:\2年後期\novelgame\Lib\Easy\Shader.cpp">
      <Filter>ソース ファイル\Lib</Filter>
    </ClCompile>
    <ClCompile Include="D:\2年後期\novelgame\Lib\Easy\Sprite.cpp">
      <Filter>ソース ファイル\Lib</Filter>
    </ClCompile>
    <ClCompile Include="D:\2年後期\novelgame\Lib\Easy\Texture.cpp">
      <Filter>ソース ファイル\Lib</Filter>
    </ClCompile>
    <ClCompile Include="D:\2年後期\novelgame\Lib\Easy\TiledMap.cpp">
      <Filter>ソース ファイル\Lib</Filter>
    </ClCompile>
    <ClCompile Include="D:\2年後期\novelgame\Lib\Easy\TweenAnimation.cpp">
      <Filter>ソース ファイル\Lib</Filter>
    </ClCompile>
    <ClCompile Include="D:\2年後期\novelgame\Lib\Easy\UniformBuffer.cpp">
      <Filter>ソース ファイル\Lib</Filter>
    </ClCompile>
    <ClCompile Include="D:\2年後期\novelgame\Rse\Main.cpp">
      <Filter>ソース ファイル</Filter>
    </ClCompile>
    <ClCompile Include="D:\2年後期\novelgame\Rse\Audio.cpp">
      <Filter>ソース ファイル</Filter>
    </ClCompile>
    <ClCompile Include="D:\2年後期\novelgame\Rse\MainGameScene.cpp">
      <Filter>ソース ファイル</Filter>
    </ClCompile>
    <ClCompile Include="D:\2年後期\novelgame\Rse\TitleScene.cpp">
      <Filter>ソース ファイル</Filter>
    </ClCompile>
    <ClCompile Include="Src\Source.cpp">
      <Filter>ソース ファイル</Filter>
    </ClCompile>
  </ItemGroup>
  <ItemGroup>
    <None Include="packages.config" />
  </ItemGroup>
  <ItemGroup>
    <ClInclude Include="D:\2年後期\novelgame\Lib\Easy\BufferObject.h">
      <Filter>ソース ファイル\Lib</Filter>
    </ClInclude>
    <ClInclude Include="D:\2年後期\novelgame\Lib\Easy\d3dx12.h">
      <Filter>ソース ファイル\Lib</Filter>
    </ClInclude>
    <ClInclude Include="D:\2年後期\novelgame\Lib\Easy\Font.h">
      <Filter>ソース ファイル\Lib</Filter>
    </ClInclude>
    <ClInclude Include="D:\2年後期\novelgame\Lib\Easy\FrameAnimation.h">
      <Filter>ソース ファイル\Lib</Filter>
    </ClInclude>
    <ClInclude Include="D:\2年後期\novelgame\Lib\Easy\GamePad.h">
      <Filter>ソース ファイル\Lib</Filter>
    </ClInclude>
    <ClInclude Include="D:\2年後期\novelgame\Lib\Easy\GLFWEW.h">
      <Filter>ソース ファイル\Lib</Filter>
    </ClInclude>
    <ClInclude Include="D:\2年後期\novelgame\Lib\Easy\Json.h">
      <Filter>ソース ファイル\Lib</Filter>
    </ClInclude>
    <ClInclude Include="D:\2年後期\novelgame\Lib\Easy\Node.h">
      <Filter>ソース ファイル\Lib</Filter>
    </ClInclude>
    <ClInclude Include="D:\2年後期\novelgame\Lib\Easy\Shader.h">
      <Filter>ソース ファイル\Lib</Filter>
    </ClInclude>
    <ClInclude Include="D:\2年後期\novelgame\Lib\Easy\Sprite.h">
      <Filter>ソース ファイル\Lib</Filter>
    </ClInclude>
    <ClInclude Include="D:\2年後期\novelgame\Lib\Easy\Texture.h">
      <Filter>ソース ファイル\Lib</Filter>
    </ClInclude>
    <ClInclude Include="D:\2年後期\novelgame\Lib\Easy\TiledMap.h">
      <Filter>ソース ファイル\Lib</Filter>
    </ClInclude>
    <ClInclude Include="D:\2年後期\novelgame\Lib\Easy\TweenAnimation.h">
      <Filter>ソース ファイル\Lib</Filter>
    </ClInclude>
    <ClInclude Include="D:\2年後期\novelgame\Lib\Easy\UniformBuffer.h">
      <Filter>ソース ファイル\Lib</Filter>
    </ClInclude>
    <ClInclude Include="D:\2年後期\novelgame\Rse\Audio.h">
      <Filter>ヘッダー ファイル</Filter>
    </ClInclude>
    <ClInclude Include="D:\2年後期\novelgame\Rse\MainGameScene.h">
      <Filter>ヘッダー ファイル</Filter>
    </ClInclude>
    <ClInclude Include="D:\2年後期\novelgame\Rse\TitleScene.h">
      <Filter>ヘッダー ファイル</Filter>
    </ClInclude>
  </ItemGroup>
</Project>